// !$*UTF8*$!
{
	archiveVersion = 1;
	classes = {
	};
	objectVersion = 56;
	objects = {

/* Begin PBXBuildFile section */
		86F9BE342A73F16B0054158E /* AppDelegate.swift in Sources */ = {isa = PBXBuildFile; fileRef = 86F9BE332A73F16B0054158E /* AppDelegate.swift */; };
		86F9BE362A73F16B0054158E /* SceneDelegate.swift in Sources */ = {isa = PBXBuildFile; fileRef = 86F9BE352A73F16B0054158E /* SceneDelegate.swift */; };
		86F9BE382A73F16B0054158E /* ViewController.swift in Sources */ = {isa = PBXBuildFile; fileRef = 86F9BE372A73F16B0054158E /* ViewController.swift */; };
		86F9BE3B2A73F16B0054158E /* Main.storyboard in Resources */ = {isa = PBXBuildFile; fileRef = 86F9BE392A73F16B0054158E /* Main.storyboard */; };
		86F9BE3D2A73F16B0054158E /* Assets.xcassets in Resources */ = {isa = PBXBuildFile; fileRef = 86F9BE3C2A73F16B0054158E /* Assets.xcassets */; };
		86F9BE402A73F16B0054158E /* LaunchScreen.storyboard in Resources */ = {isa = PBXBuildFile; fileRef = 86F9BE3E2A73F16B0054158E /* LaunchScreen.storyboard */; };
		86F9BE4B2A73F16B0054158E /* StudyTests.swift in Sources */ = {isa = PBXBuildFile; fileRef = 86F9BE4A2A73F16B0054158E /* StudyTests.swift */; };
		86F9BE552A73F16B0054158E /* StudyUITests.swift in Sources */ = {isa = PBXBuildFile; fileRef = 86F9BE542A73F16B0054158E /* StudyUITests.swift */; };
		86F9BE572A73F16B0054158E /* StudyUITestsLaunchTests.swift in Sources */ = {isa = PBXBuildFile; fileRef = 86F9BE562A73F16B0054158E /* StudyUITestsLaunchTests.swift */; };
/* End PBXBuildFile section */

/* Begin PBXContainerItemProxy section */
		86F9BE472A73F16B0054158E /* PBXContainerItemProxy */ = {
			isa = PBXContainerItemProxy;
			containerPortal = 86F9BE282A73F16A0054158E /* Project object */;
			proxyType = 1;
			remoteGlobalIDString = 86F9BE2F2A73F16B0054158E;
			remoteInfo = Study;
		};
		86F9BE512A73F16B0054158E /* PBXContainerItemProxy */ = {
			isa = PBXContainerItemProxy;
			containerPortal = 86F9BE282A73F16A0054158E /* Project object */;
			proxyType = 1;
			remoteGlobalIDString = 86F9BE2F2A73F16B0054158E;
			remoteInfo = Study;
		};
/* End PBXContainerItemProxy section */

/* Begin PBXFileReference section */
		86F9BE302A73F16B0054158E /* Study.app */ = {isa = PBXFileReference; explicitFileType = wrapper.application; includeInIndex = 0; path = Study.app; sourceTree = BUILT_PRODUCTS_DIR; };
		86F9BE332A73F16B0054158E /* AppDelegate.swift */ = {isa = PBXFileReference; lastKnownFileType = sourcecode.swift; path = AppDelegate.swift; sourceTree = "<group>"; };
		86F9BE352A73F16B0054158E /* SceneDelegate.swift */ = {isa = PBXFileReference; lastKnownFileType = sourcecode.swift; path = SceneDelegate.swift; sourceTree = "<group>"; };
		86F9BE372A73F16B0054158E /* ViewController.swift */ = {isa = PBXFileReference; lastKnownFileType = sourcecode.swift; path = ViewController.swift; sourceTree = "<group>"; };
		86F9BE3A2A73F16B0054158E /* Base */ = {isa = PBXFileReference; lastKnownFileType = file.storyboard; name = Base; path = Base.lproj/Main.storyboard; sourceTree = "<group>"; };
		86F9BE3C2A73F16B0054158E /* Assets.xcassets */ = {isa = PBXFileReference; lastKnownFileType = folder.assetcatalog; path = Assets.xcassets; sourceTree = "<group>"; };
		86F9BE3F2A73F16B0054158E /* Base */ = {isa = PBXFileReference; lastKnownFileType = file.storyboard; name = Base; path = Base.lproj/LaunchScreen.storyboard; sourceTree = "<group>"; };
		86F9BE412A73F16B0054158E /* Info.plist */ = {isa = PBXFileReference; lastKnownFileType = text.plist.xml; path = Info.plist; sourceTree = "<group>"; };
		86F9BE462A73F16B0054158E /* StudyTests.xctest */ = {isa = PBXFileReference; explicitFileType = wrapper.cfbundle; includeInIndex = 0; path = StudyTests.xctest; sourceTree = BUILT_PRODUCTS_DIR; };
		86F9BE4A2A73F16B0054158E /* StudyTests.swift */ = {isa = PBXFileReference; lastKnownFileType = sourcecode.swift; path = StudyTests.swift; sourceTree = "<group>"; };
		86F9BE502A73F16B0054158E /* StudyUITests.xctest */ = {isa = PBXFileReference; explicitFileType = wrapper.cfbundle; includeInIndex = 0; path = StudyUITests.xctest; sourceTree = BUILT_PRODUCTS_DIR; };
		86F9BE542A73F16B0054158E /* StudyUITests.swift */ = {isa = PBXFileReference; lastKnownFileType = sourcecode.swift; path = StudyUITests.swift; sourceTree = "<group>"; };
		86F9BE562A73F16B0054158E /* StudyUITestsLaunchTests.swift */ = {isa = PBXFileReference; lastKnownFileType = sourcecode.swift; path = StudyUITestsLaunchTests.swift; sourceTree = "<group>"; };
/* End PBXFileReference section */

/* Begin PBXFrameworksBuildPhase section */
		86F9BE2D2A73F16B0054158E /* Frameworks */ = {
			isa = PBXFrameworksBuildPhase;
			buildActionMask = 2147483647;
			files = (
			);
			runOnlyForDeploymentPostprocessing = 0;
		};
		86F9BE432A73F16B0054158E /* Frameworks */ = {
			isa = PBXFrameworksBuildPhase;
			buildActionMask = 2147483647;
			files = (
			);
			runOnlyForDeploymentPostprocessing = 0;
		};
		86F9BE4D2A73F16B0054158E /* Frameworks */ = {
			isa = PBXFrameworksBuildPhase;
			buildActionMask = 2147483647;
			files = (
			);
			runOnlyForDeploymentPostprocessing = 0;
		};
/* End PBXFrameworksBuildPhase section */

/* Begin PBXGroup section */
		86F9BE272A73F16A0054158E = {
			isa = PBXGroup;
			children = (
				86F9BE322A73F16B0054158E /* Study */,
				86F9BE492A73F16B0054158E /* StudyTests */,
				86F9BE532A73F16B0054158E /* StudyUITests */,
				86F9BE312A73F16B0054158E /* Products */,
			);
			sourceTree = "<group>";
		};
		86F9BE312A73F16B0054158E /* Products */ = {
			isa = PBXGroup;
			children = (
				86F9BE302A73F16B0054158E /* Study.app */,
				86F9BE462A73F16B0054158E /* StudyTests.xctest */,
				86F9BE502A73F16B0054158E /* StudyUITests.xctest */,
			);
			name = Products;
			sourceTree = "<group>";
		};
		86F9BE322A73F16B0054158E /* Study */ = {
			isa = PBXGroup;
			children = (
				86F9BE332A73F16B0054158E /* AppDelegate.swift */,
				86F9BE352A73F16B0054158E /* SceneDelegate.swift */,
				86F9BE372A73F16B0054158E /* ViewController.swift */,
				86F9BE392A73F16B0054158E /* Main.storyboard */,
				86F9BE3C2A73F16B0054158E /* Assets.xcassets */,
				86F9BE3E2A73F16B0054158E /* LaunchScreen.storyboard */,
				86F9BE412A73F16B0054158E /* Info.plist */,
			);
			path = Study;
			sourceTree = "<group>";
		};
		86F9BE492A73F16B0054158E /* StudyTests */ = {
			isa = PBXGroup;
			children = (
				86F9BE4A2A73F16B0054158E /* StudyTests.swift */,
			);
			path = StudyTests;
			sourceTree = "<group>";
		};
		86F9BE532A73F16B0054158E /* StudyUITests */ = {
			isa = PBXGroup;
			children = (
				86F9BE542A73F16B0054158E /* StudyUITests.swift */,
				86F9BE562A73F16B0054158E /* StudyUITestsLaunchTests.swift */,
			);
			path = StudyUITests;
			sourceTree = "<group>";
		};
/* End PBXGroup section */

/* Begin PBXNativeTarget section */
		86F9BE2F2A73F16B0054158E /* Study */ = {
			isa = PBXNativeTarget;
			buildConfigurationList = 86F9BE5A2A73F16B0054158E /* Build configuration list for PBXNativeTarget "Study" */;
			buildPhases = (
				86F9BE2C2A73F16B0054158E /* Sources */,
				86F9BE2D2A73F16B0054158E /* Frameworks */,
				86F9BE2E2A73F16B0054158E /* Resources */,
			);
			buildRules = (
			);
			dependencies = (
			);
			name = Study;
			productName = Study;
			productReference = 86F9BE302A73F16B0054158E /* Study.app */;
			productType = "com.apple.product-type.application";
		};
		86F9BE452A73F16B0054158E /* StudyTests */ = {
			isa = PBXNativeTarget;
			buildConfigurationList = 86F9BE5D2A73F16B0054158E /* Build configuration list for PBXNativeTarget "StudyTests" */;
			buildPhases = (
				86F9BE422A73F16B0054158E /* Sources */,
				86F9BE432A73F16B0054158E /* Frameworks */,
				86F9BE442A73F16B0054158E /* Resources */,
			);
			buildRules = (
			);
			dependencies = (
				86F9BE482A73F16B0054158E /* PBXTargetDependency */,
			);
			name = StudyTests;
			productName = StudyTests;
			productReference = 86F9BE462A73F16B0054158E /* StudyTests.xctest */;
			productType = "com.apple.product-type.bundle.unit-test";
		};
		86F9BE4F2A73F16B0054158E /* StudyUITests */ = {
			isa = PBXNativeTarget;
			buildConfigurationList = 86F9BE602A73F16B0054158E /* Build configuration list for PBXNativeTarget "StudyUITests" */;
			buildPhases = (
				86F9BE4C2A73F16B0054158E /* Sources */,
				86F9BE4D2A73F16B0054158E /* Frameworks */,
				86F9BE4E2A73F16B0054158E /* Resources */,
			);
			buildRules = (
			);
			dependencies = (
				86F9BE522A73F16B0054158E /* PBXTargetDependency */,
			);
			name = StudyUITests;
			productName = StudyUITests;
			productReference = 86F9BE502A73F16B0054158E /* StudyUITests.xctest */;
			productType = "com.apple.product-type.bundle.ui-testing";
		};
/* End PBXNativeTarget section */

/* Begin PBXProject section */
		86F9BE282A73F16A0054158E /* Project object */ = {
			isa = PBXProject;
			attributes = {
				BuildIndependentTargetsInParallel = 1;
				LastSwiftUpdateCheck = 1430;
				LastUpgradeCheck = 1430;
				TargetAttributes = {
					86F9BE2F2A73F16B0054158E = {
						CreatedOnToolsVersion = 14.3;
					};
					86F9BE452A73F16B0054158E = {
						CreatedOnToolsVersion = 14.3;
						TestTargetID = 86F9BE2F2A73F16B0054158E;
					};
					86F9BE4F2A73F16B0054158E = {
						CreatedOnToolsVersion = 14.3;
						TestTargetID = 86F9BE2F2A73F16B0054158E;
					};
				};
			};
			buildConfigurationList = 86F9BE2B2A73F16A0054158E /* Build configuration list for PBXProject "Study" */;
			compatibilityVersion = "Xcode 14.0";
			developmentRegion = en;
			hasScannedForEncodings = 0;
			knownRegions = (
				en,
				Base,
			);
			mainGroup = 86F9BE272A73F16A0054158E;
			productRefGroup = 86F9BE312A73F16B0054158E /* Products */;
			projectDirPath = "";
			projectRoot = "";
			targets = (
				86F9BE2F2A73F16B0054158E /* Study */,
				86F9BE452A73F16B0054158E /* StudyTests */,
				86F9BE4F2A73F16B0054158E /* StudyUITests */,
			);
		};
/* End PBXProject section */

/* Begin PBXResourcesBuildPhase section */
		86F9BE2E2A73F16B0054158E /* Resources */ = {
			isa = PBXResourcesBuildPhase;
			buildActionMask = 2147483647;
			files = (
				86F9BE402A73F16B0054158E /* LaunchScreen.storyboard in Resources */,
				86F9BE3D2A73F16B0054158E /* Assets.xcassets in Resources */,
				86F9BE3B2A73F16B0054158E /* Main.storyboard in Resources */,
			);
			runOnlyForDeploymentPostprocessing = 0;
		};
		86F9BE442A73F16B0054158E /* Resources */ = {
			isa = PBXResourcesBuildPhase;
			buildActionMask = 2147483647;
			files = (
			);
			runOnlyForDeploymentPostprocessing = 0;
		};
		86F9BE4E2A73F16B0054158E /* Resources */ = {
			isa = PBXResourcesBuildPhase;
			buildActionMask = 2147483647;
			files = (
			);
			runOnlyForDeploymentPostprocessing = 0;
		};
/* End PBXResourcesBuildPhase section */

/* Begin PBXSourcesBuildPhase section */
		86F9BE2C2A73F16B0054158E /* Sources */ = {
			isa = PBXSourcesBuildPhase;
			buildActionMask = 2147483647;
			files = (
				86F9BE382A73F16B0054158E /* ViewController.swift in Sources */,
				86F9BE342A73F16B0054158E /* AppDelegate.swift in Sources */,
				86F9BE362A73F16B0054158E /* SceneDelegate.swift in Sources */,
			);
			runOnlyForDeploymentPostprocessing = 0;
		};
		86F9BE422A73F16B0054158E /* Sources */ = {
			isa = PBXSourcesBuildPhase;
			buildActionMask = 2147483647;
			files = (
				86F9BE4B2A73F16B0054158E /* StudyTests.swift in Sources */,
			);
			runOnlyForDeploymentPostprocessing = 0;
		};
		86F9BE4C2A73F16B0054158E /* Sources */ = {
			isa = PBXSourcesBuildPhase;
			buildActionMask = 2147483647;
			files = (
				86F9BE572A73F16B0054158E /* StudyUITestsLaunchTests.swift in Sources */,
				86F9BE552A73F16B0054158E /* StudyUITests.swift in Sources */,
			);
			runOnlyForDeploymentPostprocessing = 0;
		};
/* End PBXSourcesBuildPhase section */

/* Begin PBXTargetDependency section */
		86F9BE482A73F16B0054158E /* PBXTargetDependency */ = {
			isa = PBXTargetDependency;
			target = 86F9BE2F2A73F16B0054158E /* Study */;
			targetProxy = 86F9BE472A73F16B0054158E /* PBXContainerItemProxy */;
		};
		86F9BE522A73F16B0054158E /* PBXTargetDependency */ = {
			isa = PBXTargetDependency;
			target = 86F9BE2F2A73F16B0054158E /* Study */;
			targetProxy = 86F9BE512A73F16B0054158E /* PBXContainerItemProxy */;
		};
/* End PBXTargetDependency section */

/* Begin PBXVariantGroup section */
		86F9BE392A73F16B0054158E /* Main.storyboard */ = {
			isa = PBXVariantGroup;
			children = (
				86F9BE3A2A73F16B0054158E /* Base */,
			);
			name = Main.storyboard;
			sourceTree = "<group>";
		};
		86F9BE3E2A73F16B0054158E /* LaunchScreen.storyboard */ = {
			isa = PBXVariantGroup;
			children = (
				86F9BE3F2A73F16B0054158E /* Base */,
			);
			name = LaunchScreen.storyboard;
			sourceTree = "<group>";
		};
/* End PBXVariantGroup section */

/* Begin XCBuildConfiguration section */
		86F9BE582A73F16B0054158E /* Debug */ = {
			isa = XCBuildConfiguration;
			buildSettings = {
				ALWAYS_SEARCH_USER_PATHS = NO;
				CLANG_ANALYZER_NONNULL = YES;
				CLANG_ANALYZER_NUMBER_OBJECT_CONVERSION = YES_AGGRESSIVE;
				CLANG_CXX_LANGUAGE_STANDARD = "gnu++20";
				CLANG_ENABLE_MODULES = YES;
				CLANG_ENABLE_OBJC_ARC = YES;
				CLANG_ENABLE_OBJC_WEAK = YES;
				CLANG_WARN_BLOCK_CAPTURE_AUTORELEASING = YES;
				CLANG_WARN_BOOL_CONVERSION = YES;
				CLANG_WARN_COMMA = YES;
				CLANG_WARN_CONSTANT_CONVERSION = YES;
				CLANG_WARN_DEPRECATED_OBJC_IMPLEMENTATIONS = YES;
				CLANG_WARN_DIRECT_OBJC_ISA_USAGE = YES_ERROR;
				CLANG_WARN_DOCUMENTATION_COMMENTS = YES;
				CLANG_WARN_EMPTY_BODY = YES;
				CLANG_WARN_ENUM_CONVERSION = YES;
				CLANG_WARN_INFINITE_RECURSION = YES;
				CLANG_WARN_INT_CONVERSION = YES;
				CLANG_WARN_NON_LITERAL_NULL_CONVERSION = YES;
				CLANG_WARN_OBJC_IMPLICIT_RETAIN_SELF = YES;
				CLANG_WARN_OBJC_LITERAL_CONVERSION = YES;
				CLANG_WARN_OBJC_ROOT_CLASS = YES_ERROR;
				CLANG_WARN_QUOTED_INCLUDE_IN_FRAMEWORK_HEADER = YES;
				CLANG_WARN_RANGE_LOOP_ANALYSIS = YES;
				CLANG_WARN_STRICT_PROTOTYPES = YES;
				CLANG_WARN_SUSPICIOUS_MOVE = YES;
				CLANG_WARN_UNGUARDED_AVAILABILITY = YES_AGGRESSIVE;
				CLANG_WARN_UNREACHABLE_CODE = YES;
				CLANG_WARN__DUPLICATE_METHOD_MATCH = YES;
				COPY_PHASE_STRIP = NO;
				DEBUG_INFORMATION_FORMAT = dwarf;
				ENABLE_STRICT_OBJC_MSGSEND = YES;
				ENABLE_TESTABILITY = YES;
				GCC_C_LANGUAGE_STANDARD = gnu11;
				GCC_DYNAMIC_NO_PIC = NO;
				GCC_NO_COMMON_BLOCKS = YES;
				GCC_OPTIMIZATION_LEVEL = 0;
				GCC_PREPROCESSOR_DEFINITIONS = (
					"DEBUG=1",
					"$(inherited)",
				);
				GCC_WARN_64_TO_32_BIT_CONVERSION = YES;
				GCC_WARN_ABOUT_RETURN_TYPE = YES_ERROR;
				GCC_WARN_UNDECLARED_SELECTOR = YES;
				GCC_WARN_UNINITIALIZED_AUTOS = YES_AGGRESSIVE;
				GCC_WARN_UNUSED_FUNCTION = YES;
				GCC_WARN_UNUSED_VARIABLE = YES;
				IPHONEOS_DEPLOYMENT_TARGET = 16.4;
				MTL_ENABLE_DEBUG_INFO = INCLUDE_SOURCE;
				MTL_FAST_MATH = YES;
				ONLY_ACTIVE_ARCH = YES;
				SDKROOT = iphoneos;
				SWIFT_ACTIVE_COMPILATION_CONDITIONS = DEBUG;
				SWIFT_OPTIMIZATION_LEVEL = "-Onone";
			};
			name = Debug;
		};
		86F9BE592A73F16B0054158E /* Release */ = {
			isa = XCBuildConfiguration;
			buildSettings = {
				ALWAYS_SEARCH_USER_PATHS = NO;
				CLANG_ANALYZER_NONNULL = YES;
				CLANG_ANALYZER_NUMBER_OBJECT_CONVERSION = YES_AGGRESSIVE;
				CLANG_CXX_LANGUAGE_STANDARD = "gnu++20";
				CLANG_ENABLE_MODULES = YES;
				CLANG_ENABLE_OBJC_ARC = YES;
				CLANG_ENABLE_OBJC_WEAK = YES;
				CLANG_WARN_BLOCK_CAPTURE_AUTORELEASING = YES;
				CLANG_WARN_BOOL_CONVERSION = YES;
				CLANG_WARN_COMMA = YES;
				CLANG_WARN_CONSTANT_CONVERSION = YES;
				CLANG_WARN_DEPRECATED_OBJC_IMPLEMENTATIONS = YES;
				CLANG_WARN_DIRECT_OBJC_ISA_USAGE = YES_ERROR;
				CLANG_WARN_DOCUMENTATION_COMMENTS = YES;
				CLANG_WARN_EMPTY_BODY = YES;
				CLANG_WARN_ENUM_CONVERSION = YES;
				CLANG_WARN_INFINITE_RECURSION = YES;
				CLANG_WARN_INT_CONVERSION = YES;
				CLANG_WARN_NON_LITERAL_NULL_CONVERSION = YES;
				CLANG_WARN_OBJC_IMPLICIT_RETAIN_SELF = YES;
				CLANG_WARN_OBJC_LITERAL_CONVERSION = YES;
				CLANG_WARN_OBJC_ROOT_CLASS = YES_ERROR;
				CLANG_WARN_QUOTED_INCLUDE_IN_FRAMEWORK_HEADER = YES;
				CLANG_WARN_RANGE_LOOP_ANALYSIS = YES;
				CLANG_WARN_STRICT_PROTOTYPES = YES;
				CLANG_WARN_SUSPICIOUS_MOVE = YES;
				CLANG_WARN_UNGUARDED_AVAILABILITY = YES_AGGRESSIVE;
				CLANG_WARN_UNREACHABLE_CODE = YES;
				CLANG_WARN__DUPLICATE_METHOD_MATCH = YES;
				COPY_PHASE_STRIP = NO;
				DEBUG_INFORMATION_FORMAT = "dwarf-with-dsym";
				ENABLE_NS_ASSERTIONS = NO;
				ENABLE_STRICT_OBJC_MSGSEND = YES;
				GCC_C_LANGUAGE_STANDARD = gnu11;
				GCC_NO_COMMON_BLOCKS = YES;
				GCC_WARN_64_TO_32_BIT_CONVERSION = YES;
				GCC_WARN_ABOUT_RETURN_TYPE = YES_ERROR;
				GCC_WARN_UNDECLARED_SELECTOR = YES;
				GCC_WARN_UNINITIALIZED_AUTOS = YES_AGGRESSIVE;
				GCC_WARN_UNUSED_FUNCTION = YES;
				GCC_WARN_UNUSED_VARIABLE = YES;
				IPHONEOS_DEPLOYMENT_TARGET = 16.4;
				MTL_ENABLE_DEBUG_INFO = NO;
				MTL_FAST_MATH = YES;
				SDKROOT = iphoneos;
				SWIFT_COMPILATION_MODE = wholemodule;
				SWIFT_OPTIMIZATION_LEVEL = "-O";
				VALIDATE_PRODUCT = YES;
			};
			name = Release;
		};
		86F9BE5B2A73F16B0054158E /* Debug */ = {
			isa = XCBuildConfiguration;
			buildSettings = {
				ASSETCATALOG_COMPILER_APPICON_NAME = AppIcon;
				ASSETCATALOG_COMPILER_GLOBAL_ACCENT_COLOR_NAME = AccentColor;
				CODE_SIGN_STYLE = Automatic;
				CURRENT_PROJECT_VERSION = 1;
				DEVELOPMENT_TEAM = QCXZYBKHCF;
				GENERATE_INFOPLIST_FILE = YES;
				INFOPLIST_FILE = Study/Info.plist;
				INFOPLIST_KEY_UIApplicationSupportsIndirectInputEvents = YES;
				INFOPLIST_KEY_UILaunchStoryboardName = LaunchScreen;
				INFOPLIST_KEY_UIMainStoryboardFile = Main;
				INFOPLIST_KEY_UISupportedInterfaceOrientations_iPad = "UIInterfaceOrientationPortrait UIInterfaceOrientationPortraitUpsideDown UIInterfaceOrientationLandscapeLeft UIInterfaceOrientationLandscapeRight";
				INFOPLIST_KEY_UISupportedInterfaceOrientations_iPhone = "UIInterfaceOrientationPortrait UIInterfaceOrientationLandscapeLeft UIInterfaceOrientationLandscapeRight";
				LD_RUNPATH_SEARCH_PATHS = (
					"$(inherited)",
					"@executable_path/Frameworks",
				);
				MARKETING_VERSION = 1.0;
				PRODUCT_BUNDLE_IDENTIFIER = kr.co.cavedwellers.Study;
				PRODUCT_NAME = "$(TARGET_NAME)";
				SWIFT_EMIT_LOC_STRINGS = YES;
				SWIFT_VERSION = 5.0;
				TARGETED_DEVICE_FAMILY = "1,2";
			};
			name = Debug;
		};
		86F9BE5C2A73F16B0054158E /* Release */ = {
			isa = XCBuildConfiguration;
			buildSettings = {
				ASSETCATALOG_COMPILER_APPICON_NAME = AppIcon;
				ASSETCATALOG_COMPILER_GLOBAL_ACCENT_COLOR_NAME = AccentColor;
				CODE_SIGN_STYLE = Automatic;
				CURRENT_PROJECT_VERSION = 1;
				DEVELOPMENT_TEAM = QCXZYBKHCF;
				GENERATE_INFOPLIST_FILE = YES;
				INFOPLIST_FILE = Study/Info.plist;
				INFOPLIST_KEY_UIApplicationSupportsIndirectInputEvents = YES;
				INFOPLIST_KEY_UILaunchStoryboardName = LaunchScreen;
				INFOPLIST_KEY_UIMainStoryboardFile = Main;
				INFOPLIST_KEY_UISupportedInterfaceOrientations_iPad = "UIInterfaceOrientationPortrait UIInterfaceOrientationPortraitUpsideDown UIInterfaceOrientationLandscapeLeft UIInterfaceOrientationLandscapeRight";
				INFOPLIST_KEY_UISupportedInterfaceOrientations_iPhone = "UIInterfaceOrientationPortrait UIInterfaceOrientationLandscapeLeft UIInterfaceOrientationLandscapeRight";
				LD_RUNPATH_SEARCH_PATHS = (
					"$(inherited)",
					"@executable_path/Frameworks",
				);
				MARKETING_VERSION = 1.0;
				PRODUCT_BUNDLE_IDENTIFIER = kr.co.cavedwellers.Study;
				PRODUCT_NAME = "$(TARGET_NAME)";
				SWIFT_EMIT_LOC_STRINGS = YES;
				SWIFT_VERSION = 5.0;
				TARGETED_DEVICE_FAMILY = "1,2";
			};
			name = Release;
		};
		86F9BE5E2A73F16B0054158E /* Debug */ = {
			isa = XCBuildConfiguration;
			buildSettings = {
				ALWAYS_EMBED_SWIFT_STANDARD_LIBRARIES = YES;
				BUNDLE_LOADER = "$(TEST_HOST)";
				CODE_SIGN_STYLE = Automatic;
				CURRENT_PROJECT_VERSION = 1;
				DEVELOPMENT_TEAM = QCXZYBKHCF;
				GENERATE_INFOPLIST_FILE = YES;
				IPHONEOS_DEPLOYMENT_TARGET = 16.4;
				MARKETING_VERSION = 1.0;
				PRODUCT_BUNDLE_IDENTIFIER = kr.co.cavedwellers.StudyTests;
				PRODUCT_NAME = "$(TARGET_NAME)";
				SWIFT_EMIT_LOC_STRINGS = NO;
				SWIFT_VERSION = 5.0;
				TARGETED_DEVICE_FAMILY = "1,2";
				TEST_HOST = "$(BUILT_PRODUCTS_DIR)/Study.app/$(BUNDLE_EXECUTABLE_FOLDER_PATH)/Study";
			};
			name = Debug;
		};
		86F9BE5F2A73F16B0054158E /* Release */ = {
			isa = XCBuildConfiguration;
			buildSettings = {
				ALWAYS_EMBED_SWIFT_STANDARD_LIBRARIES = YES;
				BUNDLE_LOADER = "$(TEST_HOST)";
				CODE_SIGN_STYLE = Automatic;
				CURRENT_PROJECT_VERSION = 1;
				DEVELOPMENT_TEAM = QCXZYBKHCF;
				GENERATE_INFOPLIST_FILE = YES;
				IPHONEOS_DEPLOYMENT_TARGET = 16.4;
				MARKETING_VERSION = 1.0;
				PRODUCT_BUNDLE_IDENTIFIER = kr.co.cavedwellers.StudyTests;
				PRODUCT_NAME = "$(TARGET_NAME)";
				SWIFT_EMIT_LOC_STRINGS = NO;
				SWIFT_VERSION = 5.0;
				TARGETED_DEVICE_FAMILY = "1,2";
				TEST_HOST = "$(BUILT_PRODUCTS_DIR)/Study.app/$(BUNDLE_EXECUTABLE_FOLDER_PATH)/Study";
			};
			name = Release;
		};
		86F9BE612A73F16B0054158E /* Debug */ = {
			isa = XCBuildConfiguration;
			buildSettings = {
				ALWAYS_EMBED_SWIFT_STANDARD_LIBRARIES = YES;
				CODE_SIGN_STYLE = Automatic;
				CURRENT_PROJECT_VERSION = 1;
				DEVELOPMENT_TEAM = QCXZYBKHCF;
				GENERATE_INFOPLIST_FILE = YES;
				MARKETING_VERSION = 1.0;
				PRODUCT_BUNDLE_IDENTIFIER = kr.co.cavedwellers.StudyUITests;
				PRODUCT_NAME = "$(TARGET_NAME)";
				SWIFT_EMIT_LOC_STRINGS = NO;
				SWIFT_VERSION = 5.0;
				TARGETED_DEVICE_FAMILY = "1,2";
				TEST_TARGET_NAME = Study;
			};
			name = Debug;
		};
		86F9BE622A73F16B0054158E /* Release */ = {
			isa = XCBuildConfiguration;
			buildSettings = {
				ALWAYS_EMBED_SWIFT_STANDARD_LIBRARIES = YES;
				CODE_SIGN_STYLE = Automatic;
				CURRENT_PROJECT_VERSION = 1;
				DEVELOPMENT_TEAM = QCXZYBKHCF;
				GENERATE_INFOPLIST_FILE = YES;
				MARKETING_VERSION = 1.0;
				PRODUCT_BUNDLE_IDENTIFIER = kr.co.cavedwellers.StudyUITests;
				PRODUCT_NAME = "$(TARGET_NAME)";
				SWIFT_EMIT_LOC_STRINGS = NO;
				SWIFT_VERSION = 5.0;
				TARGETED_DEVICE_FAMILY = "1,2";
				TEST_TARGET_NAME = Study;
			};
			name = Release;
		};
/* End XCBuildConfiguration section */

/* Begin XCConfigurationList section */
		86F9BE2B2A73F16A0054158E /* Build configuration list for PBXProject "Study" */ = {
			isa = XCConfigurationList;
			buildConfigurations = (
				86F9BE582A73F16B0054158E /* Debug */,
				86F9BE592A73F16B0054158E /* Release */,
			);
			defaultConfigurationIsVisible = 0;
			defaultConfigurationName = Release;
		};
		86F9BE5A2A73F16B0054158E /* Build configuration list for PBXNativeTarget "Study" */ = {
			isa = XCConfigurationList;
			buildConfigurations = (
				86F9BE5B2A73F16B0054158E /* Debug */,
				86F9BE5C2A73F16B0054158E /* Release */,
			);
			defaultConfigurationIsVisible = 0;
			defaultConfigurationName = Release;
		};
		86F9BE5D2A73F16B0054158E /* Build configuration list for PBXNativeTarget "StudyTests" */ = {
			isa = XCConfigurationList;
			buildConfigurations = (
				86F9BE5E2A73F16B0054158E /* Debug */,
				86F9BE5F2A73F16B0054158E /* Release */,
			);
			defaultConfigurationIsVisible = 0;
			defaultConfigurationName = Release;
		};
		86F9BE602A73F16B0054158E /* Build configuration list for PBXNativeTarget "StudyUITests" */ = {
			isa = XCConfigurationList;
			buildConfigurations = (
				86F9BE612A73F16B0054158E /* Debug */,
				86F9BE622A73F16B0054158E /* Release */,
			);
			defaultConfigurationIsVisible = 0;
			defaultConfigurationName = Release;
		};
/* End XCConfigurationList section */
	};
	rootObject = 86F9BE282A73F16A0054158E /* Project object */;
}
